
Microsoft Visual Studio Solution File, Format Version 12.00
# Visual Studio Version 17
VisualStudioVersion = 17.3.32929.385
MinimumVisualStudioVersion = 10.0.40219.1
Project("{888888A0-9F3D-457C-B088-3A5042F75D52}") = "EAR_Code", "EAR_Code.pyproj", "{3FF23E62-4F23-435B-A1A3-B0134C6311E5}"
EndProject
Global
	GlobalSection(SolutionConfigurationPlatforms) = preSolution
		Debug|Any CPU = Debug|Any CPU
		Release|Any CPU = Release|Any CPU
	EndGlobalSection
	GlobalSection(ProjectConfigurationPlatforms) = postSolution
		{3FF23E62-4F23-435B-A1A3-B0134C6311E5}.Debug|Any CPU.ActiveCfg = Debug|Any CPU
		{3FF23E62-4F23-435B-A1A3-B0134C6311E5}.Release|Any CPU.ActiveCfg = Release|Any CPU
	EndGlobalSection
	GlobalSection(SolutionProperties) = preSolution
		HideSolutionNode = FALSE
	EndGlobalSection
	GlobalSection(ExtensibilityGlobals) = postSolution
		SolutionGuid = {940D7A5C-EE76-4634-BE15-1037B700361D}
	EndGlobalSection
EndGlobal
